
Microsoft Visual Studio Solution File, Format Version 12.00
# Visual Studio Version 17
VisualStudioVersion = 17.7.34003.232
MinimumVisualStudioVersion = 10.0.40219.1
Project("{FAE04EC0-301F-11D3-BF4B-00C04F79EFBC}") = "DockerApp", "DockerApp\DockerApp.csproj", "{FAD281E4-6123-4E94-B4AA-A07449F4C075}"
EndProject
Global
	GlobalSection(SolutionConfigurationPlatforms) = preSolution
		Debug|Any CPU = Debug|Any CPU
		Release|Any CPU = Release|Any CPU
	EndGlobalSection
	GlobalSection(ProjectConfigurationPlatforms) = postSolution
		{FAD281E4-6123-4E94-B4AA-A07449F4C075}.Debug|Any CPU.ActiveCfg = Debug|Any CPU
		{FAD281E4-6123-4E94-B4AA-A07449F4C075}.Debug|Any CPU.Build.0 = Debug|Any CPU
		{FAD281E4-6123-4E94-B4AA-A07449F4C075}.Release|Any CPU.ActiveCfg = Release|Any CPU
		{FAD281E4-6123-4E94-B4AA-A07449F4C075}.Release|Any CPU.Build.0 = Release|Any CPU
	EndGlobalSection
	GlobalSection(SolutionProperties) = preSolution
		HideSolutionNode = FALSE
	EndGlobalSection
	GlobalSection(ExtensibilityGlobals) = postSolution
		SolutionGuid = {7DA2B61C-DE34-441A-9874-C4FFFB1ADBD1}
	EndGlobalSection
EndGlobal
